// !$*UTF8*$!
{
	archiveVersion = 1;
	classes = {
	};
	objectVersion = 50;
	objects = {

/* Begin PBXBuildFile section */
		613807B32C48FD981147532A /* Pods_Sample_Today_Extension.framework in Frameworks */ = {isa = PBXBuildFile; fileRef = A4B3B8E9227D1194A9C8C2FC /* Pods_Sample_Today_Extension.framework */; };
		8267D60C35BB0C392542FA11 /* Pods_Sample_WatchOS_App_Extension.framework in Frameworks */ = {isa = PBXBuildFile; fileRef = 4CB0F8FE5AEFD8431CAF91B0 /* Pods_Sample_WatchOS_App_Extension.framework */; };
		A422D50520FD26230075319F /* NotificationCenter.framework in Frameworks */ = {isa = PBXBuildFile; fileRef = A422D50420FD26230075319F /* NotificationCenter.framework */; };
		A422D50820FD26230075319F /* TodayViewController.swift in Sources */ = {isa = PBXBuildFile; fileRef = A422D50720FD26230075319F /* TodayViewController.swift */; };
		A422D50B20FD26230075319F /* MainInterface.storyboard in Resources */ = {isa = PBXBuildFile; fileRef = A422D50920FD26230075319F /* MainInterface.storyboard */; };
		A422D50F20FD26230075319F /* Sample Today Extension.appex in Embed App Extensions */ = {isa = PBXBuildFile; fileRef = A422D50320FD26230075319F /* Sample Today Extension.appex */; settings = {ATTRIBUTES = (RemoveHeadersOnCopy, ); }; };
		A48BFE2820C3FD9500557889 /* AppDelegate.swift in Sources */ = {isa = PBXBuildFile; fileRef = A48BFE2720C3FD9500557889 /* AppDelegate.swift */; };
		A48BFE2A20C3FD9500557889 /* ViewController.swift in Sources */ = {isa = PBXBuildFile; fileRef = A48BFE2920C3FD9500557889 /* ViewController.swift */; };
		A48BFE2D20C3FD9600557889 /* Main.storyboard in Resources */ = {isa = PBXBuildFile; fileRef = A48BFE2B20C3FD9600557889 /* Main.storyboard */; };
		A48BFE2F20C3FD9700557889 /* Assets.xcassets in Resources */ = {isa = PBXBuildFile; fileRef = A48BFE2E20C3FD9700557889 /* Assets.xcassets */; };
		A48BFE3220C3FD9700557889 /* LaunchScreen.storyboard in Resources */ = {isa = PBXBuildFile; fileRef = A48BFE3020C3FD9700557889 /* LaunchScreen.storyboard */; };
		A48BFE3D20C3FD9700557889 /* Sample_iOS_AppTests.swift in Sources */ = {isa = PBXBuildFile; fileRef = A48BFE3C20C3FD9700557889 /* Sample_iOS_AppTests.swift */; };
		A48BFE4E20C4031600557889 /* Interface.storyboard in Resources */ = {isa = PBXBuildFile; fileRef = A48BFE4C20C4031600557889 /* Interface.storyboard */; };
		A48BFE5020C4031700557889 /* Assets.xcassets in Resources */ = {isa = PBXBuildFile; fileRef = A48BFE4F20C4031700557889 /* Assets.xcassets */; };
		A48BFE5720C4031700557889 /* Sample WatchOS App Extension.appex in Embed App Extensions */ = {isa = PBXBuildFile; fileRef = A48BFE5620C4031700557889 /* Sample WatchOS App Extension.appex */; settings = {ATTRIBUTES = (RemoveHeadersOnCopy, ); }; };
		A48BFE5C20C4031800557889 /* InterfaceController.swift in Sources */ = {isa = PBXBuildFile; fileRef = A48BFE5B20C4031800557889 /* InterfaceController.swift */; };
		A48BFE5E20C4031800557889 /* ExtensionDelegate.swift in Sources */ = {isa = PBXBuildFile; fileRef = A48BFE5D20C4031800557889 /* ExtensionDelegate.swift */; };
		A48BFE6020C4031800557889 /* Assets.xcassets in Resources */ = {isa = PBXBuildFile; fileRef = A48BFE5F20C4031800557889 /* Assets.xcassets */; };
		A48BFE6420C4031800557889 /* Sample WatchOS App.app in Embed Watch Content */ = {isa = PBXBuildFile; fileRef = A48BFE4A20C4031600557889 /* Sample WatchOS App.app */; };
		DC4ECE916261DEE315F3C60A /* Pods_Sample_iOS_App.framework in Frameworks */ = {isa = PBXBuildFile; fileRef = 00E69F9025EC1DA7CF2D9C2F /* Pods_Sample_iOS_App.framework */; };
/* End PBXBuildFile section */

/* Begin PBXContainerItemProxy section */
		A422D50D20FD26230075319F /* PBXContainerItemProxy */ = {
			isa = PBXContainerItemProxy;
			containerPortal = A48BFE1C20C3FD9500557889 /* Project object */;
			proxyType = 1;
			remoteGlobalIDString = A422D50220FD26230075319F;
			remoteInfo = "Sample Today Extension";
		};
		A48BFE3920C3FD9700557889 /* PBXContainerItemProxy */ = {
			isa = PBXContainerItemProxy;
			containerPortal = A48BFE1C20C3FD9500557889 /* Project object */;
			proxyType = 1;
			remoteGlobalIDString = A48BFE2320C3FD9500557889;
			remoteInfo = "Sample iOS App";
		};
		A48BFE5820C4031700557889 /* PBXContainerItemProxy */ = {
			isa = PBXContainerItemProxy;
			containerPortal = A48BFE1C20C3FD9500557889 /* Project object */;
			proxyType = 1;
			remoteGlobalIDString = A48BFE5520C4031700557889;
			remoteInfo = "Sample WatchOS App Extension";
		};
		A48BFE6220C4031800557889 /* PBXContainerItemProxy */ = {
			isa = PBXContainerItemProxy;
			containerPortal = A48BFE1C20C3FD9500557889 /* Project object */;
			proxyType = 1;
			remoteGlobalIDString = A48BFE4920C4031600557889;
			remoteInfo = "Sample WatchOS App";
		};
/* End PBXContainerItemProxy section */

/* Begin PBXCopyFilesBuildPhase section */
		A422D51320FD26230075319F /* Embed App Extensions */ = {
			isa = PBXCopyFilesBuildPhase;
			buildActionMask = 2147483647;
			dstPath = "";
			dstSubfolderSpec = 13;
			files = (
				A422D50F20FD26230075319F /* Sample Today Extension.appex in Embed App Extensions */,
			);
			name = "Embed App Extensions";
			runOnlyForDeploymentPostprocessing = 0;
		};
		A48BFE6820C4031800557889 /* Embed App Extensions */ = {
			isa = PBXCopyFilesBuildPhase;
			buildActionMask = 2147483647;
			dstPath = "";
			dstSubfolderSpec = 13;
			files = (
				A48BFE5720C4031700557889 /* Sample WatchOS App Extension.appex in Embed App Extensions */,
			);
			name = "Embed App Extensions";
			runOnlyForDeploymentPostprocessing = 0;
		};
		A48BFE6C20C4031800557889 /* Embed Watch Content */ = {
			isa = PBXCopyFilesBuildPhase;
			buildActionMask = 2147483647;
			dstPath = "$(CONTENTS_FOLDER_PATH)/Watch";
			dstSubfolderSpec = 16;
			files = (
				A48BFE6420C4031800557889 /* Sample WatchOS App.app in Embed Watch Content */,
			);
			name = "Embed Watch Content";
			runOnlyForDeploymentPostprocessing = 0;
		};
/* End PBXCopyFilesBuildPhase section */

/* Begin PBXFileReference section */
		00E69F9025EC1DA7CF2D9C2F /* Pods_Sample_iOS_App.framework */ = {isa = PBXFileReference; explicitFileType = wrapper.framework; includeInIndex = 0; path = Pods_Sample_iOS_App.framework; sourceTree = BUILT_PRODUCTS_DIR; };
		0CAFCCFF41F03088EA4071B2 /* Pods_Sample_WatchOS_App.framework */ = {isa = PBXFileReference; explicitFileType = wrapper.framework; includeInIndex = 0; path = Pods_Sample_WatchOS_App.framework; sourceTree = BUILT_PRODUCTS_DIR; };
		2C07A44182E22674FA7D6D25 /* Pods-Sample Today Extension.debug.xcconfig */ = {isa = PBXFileReference; includeInIndex = 1; lastKnownFileType = text.xcconfig; name = "Pods-Sample Today Extension.debug.xcconfig"; path = "../Pods/Target Support Files/Pods-Sample Today Extension/Pods-Sample Today Extension.debug.xcconfig"; sourceTree = "<group>"; };
		4CB0F8FE5AEFD8431CAF91B0 /* Pods_Sample_WatchOS_App_Extension.framework */ = {isa = PBXFileReference; explicitFileType = wrapper.framework; includeInIndex = 0; path = Pods_Sample_WatchOS_App_Extension.framework; sourceTree = BUILT_PRODUCTS_DIR; };
		643357F188B67233D6BA62C8 /* Pods-Sample WatchOS App Extension.debug.xcconfig */ = {isa = PBXFileReference; includeInIndex = 1; lastKnownFileType = text.xcconfig; name = "Pods-Sample WatchOS App Extension.debug.xcconfig"; path = "../Pods/Target Support Files/Pods-Sample WatchOS App Extension/Pods-Sample WatchOS App Extension.debug.xcconfig"; sourceTree = "<group>"; };
		6F0C163953D7D1118FCAF026 /* Pods-Sample WatchOS App Extension.release.xcconfig */ = {isa = PBXFileReference; includeInIndex = 1; lastKnownFileType = text.xcconfig; name = "Pods-Sample WatchOS App Extension.release.xcconfig"; path = "../Pods/Target Support Files/Pods-Sample WatchOS App Extension/Pods-Sample WatchOS App Extension.release.xcconfig"; sourceTree = "<group>"; };
		9CE168CD09A75B85DBD4AC62 /* Pods-Sample Today Extension.release.xcconfig */ = {isa = PBXFileReference; includeInIndex = 1; lastKnownFileType = text.xcconfig; name = "Pods-Sample Today Extension.release.xcconfig"; path = "../Pods/Target Support Files/Pods-Sample Today Extension/Pods-Sample Today Extension.release.xcconfig"; sourceTree = "<group>"; };
		A422D50320FD26230075319F /* Sample Today Extension.appex */ = {isa = PBXFileReference; explicitFileType = "wrapper.app-extension"; includeInIndex = 0; path = "Sample Today Extension.appex"; sourceTree = BUILT_PRODUCTS_DIR; };
		A422D50420FD26230075319F /* NotificationCenter.framework */ = {isa = PBXFileReference; lastKnownFileType = wrapper.framework; name = NotificationCenter.framework; path = System/Library/Frameworks/NotificationCenter.framework; sourceTree = SDKROOT; };
		A422D50720FD26230075319F /* TodayViewController.swift */ = {isa = PBXFileReference; lastKnownFileType = sourcecode.swift; path = TodayViewController.swift; sourceTree = "<group>"; };
		A422D50A20FD26230075319F /* Base */ = {isa = PBXFileReference; lastKnownFileType = file.storyboard; name = Base; path = Base.lproj/MainInterface.storyboard; sourceTree = "<group>"; };
		A422D50C20FD26230075319F /* Info.plist */ = {isa = PBXFileReference; lastKnownFileType = text.plist.xml; path = Info.plist; sourceTree = "<group>"; };
		A422D51420FD27140075319F /* Sample Today Extension.entitlements */ = {isa = PBXFileReference; lastKnownFileType = text.plist.entitlements; path = "Sample Today Extension.entitlements"; sourceTree = "<group>"; };
		A48BFE2420C3FD9500557889 /* Sample iOS App.app */ = {isa = PBXFileReference; explicitFileType = wrapper.application; includeInIndex = 0; path = "Sample iOS App.app"; sourceTree = BUILT_PRODUCTS_DIR; };
		A48BFE2720C3FD9500557889 /* AppDelegate.swift */ = {isa = PBXFileReference; lastKnownFileType = sourcecode.swift; path = AppDelegate.swift; sourceTree = "<group>"; };
		A48BFE2920C3FD9500557889 /* ViewController.swift */ = {isa = PBXFileReference; lastKnownFileType = sourcecode.swift; path = ViewController.swift; sourceTree = "<group>"; };
		A48BFE2C20C3FD9600557889 /* Base */ = {isa = PBXFileReference; lastKnownFileType = file.storyboard; name = Base; path = Base.lproj/Main.storyboard; sourceTree = "<group>"; };
		A48BFE2E20C3FD9700557889 /* Assets.xcassets */ = {isa = PBXFileReference; lastKnownFileType = folder.assetcatalog; path = Assets.xcassets; sourceTree = "<group>"; };
		A48BFE3120C3FD9700557889 /* Base */ = {isa = PBXFileReference; lastKnownFileType = file.storyboard; name = Base; path = Base.lproj/LaunchScreen.storyboard; sourceTree = "<group>"; };
		A48BFE3320C3FD9700557889 /* Info.plist */ = {isa = PBXFileReference; lastKnownFileType = text.plist.xml; path = Info.plist; sourceTree = "<group>"; };
		A48BFE3820C3FD9700557889 /* Sample iOS AppTests.xctest */ = {isa = PBXFileReference; explicitFileType = wrapper.cfbundle; includeInIndex = 0; path = "Sample iOS AppTests.xctest"; sourceTree = BUILT_PRODUCTS_DIR; };
		A48BFE3C20C3FD9700557889 /* Sample_iOS_AppTests.swift */ = {isa = PBXFileReference; lastKnownFileType = sourcecode.swift; path = Sample_iOS_AppTests.swift; sourceTree = "<group>"; };
		A48BFE3E20C3FD9700557889 /* Info.plist */ = {isa = PBXFileReference; lastKnownFileType = text.plist.xml; path = Info.plist; sourceTree = "<group>"; };
		A48BFE4720C4011B00557889 /* Sample iOS App.entitlements */ = {isa = PBXFileReference; lastKnownFileType = text.plist.entitlements; path = "Sample iOS App.entitlements"; sourceTree = "<group>"; };
		A48BFE4A20C4031600557889 /* Sample WatchOS App.app */ = {isa = PBXFileReference; explicitFileType = wrapper.application; includeInIndex = 0; path = "Sample WatchOS App.app"; sourceTree = BUILT_PRODUCTS_DIR; };
		A48BFE4D20C4031600557889 /* Base */ = {isa = PBXFileReference; lastKnownFileType = file.storyboard; name = Base; path = Base.lproj/Interface.storyboard; sourceTree = "<group>"; };
		A48BFE4F20C4031700557889 /* Assets.xcassets */ = {isa = PBXFileReference; lastKnownFileType = folder.assetcatalog; path = Assets.xcassets; sourceTree = "<group>"; };
		A48BFE5120C4031700557889 /* Info.plist */ = {isa = PBXFileReference; lastKnownFileType = text.plist.xml; path = Info.plist; sourceTree = "<group>"; };
		A48BFE5620C4031700557889 /* Sample WatchOS App Extension.appex */ = {isa = PBXFileReference; explicitFileType = "wrapper.app-extension"; includeInIndex = 0; path = "Sample WatchOS App Extension.appex"; sourceTree = BUILT_PRODUCTS_DIR; };
		A48BFE5B20C4031800557889 /* InterfaceController.swift */ = {isa = PBXFileReference; lastKnownFileType = sourcecode.swift; path = InterfaceController.swift; sourceTree = "<group>"; };
		A48BFE5D20C4031800557889 /* ExtensionDelegate.swift */ = {isa = PBXFileReference; lastKnownFileType = sourcecode.swift; path = ExtensionDelegate.swift; sourceTree = "<group>"; };
		A48BFE5F20C4031800557889 /* Assets.xcassets */ = {isa = PBXFileReference; lastKnownFileType = folder.assetcatalog; path = Assets.xcassets; sourceTree = "<group>"; };
		A48BFE6120C4031800557889 /* Info.plist */ = {isa = PBXFileReference; lastKnownFileType = text.plist.xml; path = Info.plist; sourceTree = "<group>"; };
		A48BFE6D20C4035400557889 /* Sample WatchOS App Extension.entitlements */ = {isa = PBXFileReference; lastKnownFileType = text.plist.entitlements; path = "Sample WatchOS App Extension.entitlements"; sourceTree = "<group>"; };
		A4B3B8E9227D1194A9C8C2FC /* Pods_Sample_Today_Extension.framework */ = {isa = PBXFileReference; explicitFileType = wrapper.framework; includeInIndex = 0; path = Pods_Sample_Today_Extension.framework; sourceTree = BUILT_PRODUCTS_DIR; };
		CF4068937DFAAA39BD261224 /* Pods-Sample iOS App.release.xcconfig */ = {isa = PBXFileReference; includeInIndex = 1; lastKnownFileType = text.xcconfig; name = "Pods-Sample iOS App.release.xcconfig"; path = "../Pods/Target Support Files/Pods-Sample iOS App/Pods-Sample iOS App.release.xcconfig"; sourceTree = "<group>"; };
		FCBE014F9DFBAFA395BF1FA0 /* Pods-Sample iOS App.debug.xcconfig */ = {isa = PBXFileReference; includeInIndex = 1; lastKnownFileType = text.xcconfig; name = "Pods-Sample iOS App.debug.xcconfig"; path = "../Pods/Target Support Files/Pods-Sample iOS App/Pods-Sample iOS App.debug.xcconfig"; sourceTree = "<group>"; };
/* End PBXFileReference section */

/* Begin PBXFrameworksBuildPhase section */
		61BEC90EC472A37B3FD73B57 /* Frameworks */ = {
			isa = PBXFrameworksBuildPhase;
			buildActionMask = 2147483647;
			files = (
			);
			runOnlyForDeploymentPostprocessing = 0;
		};
		A422D50020FD26230075319F /* Frameworks */ = {
			isa = PBXFrameworksBuildPhase;
			buildActionMask = 2147483647;
			files = (
				A422D50520FD26230075319F /* NotificationCenter.framework in Frameworks */,
				613807B32C48FD981147532A /* Pods_Sample_Today_Extension.framework in Frameworks */,
			);
			runOnlyForDeploymentPostprocessing = 0;
		};
		A48BFE2120C3FD9500557889 /* Frameworks */ = {
			isa = PBXFrameworksBuildPhase;
			buildActionMask = 2147483647;
			files = (
				DC4ECE916261DEE315F3C60A /* Pods_Sample_iOS_App.framework in Frameworks */,
			);
			runOnlyForDeploymentPostprocessing = 0;
		};
		A48BFE3520C3FD9700557889 /* Frameworks */ = {
			isa = PBXFrameworksBuildPhase;
			buildActionMask = 2147483647;
			files = (
			);
			runOnlyForDeploymentPostprocessing = 0;
		};
		A48BFE5320C4031700557889 /* Frameworks */ = {
			isa = PBXFrameworksBuildPhase;
			buildActionMask = 2147483647;
			files = (
				8267D60C35BB0C392542FA11 /* Pods_Sample_WatchOS_App_Extension.framework in Frameworks */,
			);
			runOnlyForDeploymentPostprocessing = 0;
		};
/* End PBXFrameworksBuildPhase section */

/* Begin PBXGroup section */
		598914E7DFDE7B75ACEF15D0 /* Pods */ = {
			isa = PBXGroup;
			children = (
				FCBE014F9DFBAFA395BF1FA0 /* Pods-Sample iOS App.debug.xcconfig */,
				CF4068937DFAAA39BD261224 /* Pods-Sample iOS App.release.xcconfig */,
				643357F188B67233D6BA62C8 /* Pods-Sample WatchOS App Extension.debug.xcconfig */,
				6F0C163953D7D1118FCAF026 /* Pods-Sample WatchOS App Extension.release.xcconfig */,
				2C07A44182E22674FA7D6D25 /* Pods-Sample Today Extension.debug.xcconfig */,
				9CE168CD09A75B85DBD4AC62 /* Pods-Sample Today Extension.release.xcconfig */,
			);
			name = Pods;
			sourceTree = "<group>";
		};
		A422D50620FD26230075319F /* Sample Today Extension */ = {
			isa = PBXGroup;
			children = (
				A422D51420FD27140075319F /* Sample Today Extension.entitlements */,
				A422D50720FD26230075319F /* TodayViewController.swift */,
				A422D50920FD26230075319F /* MainInterface.storyboard */,
				A422D50C20FD26230075319F /* Info.plist */,
			);
			path = "Sample Today Extension";
			sourceTree = "<group>";
		};
		A48BFE1B20C3FD9500557889 = {
			isa = PBXGroup;
			children = (
				A48BFE2620C3FD9500557889 /* Sample iOS App */,
				A48BFE3B20C3FD9700557889 /* Sample iOS AppTests */,
				A48BFE4B20C4031600557889 /* Sample WatchOS App */,
				A48BFE5A20C4031700557889 /* Sample WatchOS App Extension */,
				A422D50620FD26230075319F /* Sample Today Extension */,
				A48BFE2520C3FD9500557889 /* Products */,
				598914E7DFDE7B75ACEF15D0 /* Pods */,
				ACE5DF6332B99AFA3D206480 /* Frameworks */,
			);
			sourceTree = "<group>";
		};
		A48BFE2520C3FD9500557889 /* Products */ = {
			isa = PBXGroup;
			children = (
				A48BFE2420C3FD9500557889 /* Sample iOS App.app */,
				A48BFE3820C3FD9700557889 /* Sample iOS AppTests.xctest */,
				A48BFE4A20C4031600557889 /* Sample WatchOS App.app */,
				A48BFE5620C4031700557889 /* Sample WatchOS App Extension.appex */,
				A422D50320FD26230075319F /* Sample Today Extension.appex */,
			);
			name = Products;
			sourceTree = "<group>";
		};
		A48BFE2620C3FD9500557889 /* Sample iOS App */ = {
			isa = PBXGroup;
			children = (
				A48BFE4720C4011B00557889 /* Sample iOS App.entitlements */,
				A48BFE2720C3FD9500557889 /* AppDelegate.swift */,
				A48BFE2920C3FD9500557889 /* ViewController.swift */,
				A48BFE2B20C3FD9600557889 /* Main.storyboard */,
				A48BFE2E20C3FD9700557889 /* Assets.xcassets */,
				A48BFE3020C3FD9700557889 /* LaunchScreen.storyboard */,
				A48BFE3320C3FD9700557889 /* Info.plist */,
			);
			path = "Sample iOS App";
			sourceTree = "<group>";
		};
		A48BFE3B20C3FD9700557889 /* Sample iOS AppTests */ = {
			isa = PBXGroup;
			children = (
				A48BFE3C20C3FD9700557889 /* Sample_iOS_AppTests.swift */,
				A48BFE3E20C3FD9700557889 /* Info.plist */,
			);
			path = "Sample iOS AppTests";
			sourceTree = "<group>";
		};
		A48BFE4B20C4031600557889 /* Sample WatchOS App */ = {
			isa = PBXGroup;
			children = (
				A48BFE4C20C4031600557889 /* Interface.storyboard */,
				A48BFE4F20C4031700557889 /* Assets.xcassets */,
				A48BFE5120C4031700557889 /* Info.plist */,
			);
			path = "Sample WatchOS App";
			sourceTree = "<group>";
		};
		A48BFE5A20C4031700557889 /* Sample WatchOS App Extension */ = {
			isa = PBXGroup;
			children = (
				A48BFE6D20C4035400557889 /* Sample WatchOS App Extension.entitlements */,
				A48BFE5B20C4031800557889 /* InterfaceController.swift */,
				A48BFE5D20C4031800557889 /* ExtensionDelegate.swift */,
				A48BFE5F20C4031800557889 /* Assets.xcassets */,
				A48BFE6120C4031800557889 /* Info.plist */,
			);
			path = "Sample WatchOS App Extension";
			sourceTree = "<group>";
		};
		ACE5DF6332B99AFA3D206480 /* Frameworks */ = {
			isa = PBXGroup;
			children = (
				4CB0F8FE5AEFD8431CAF91B0 /* Pods_Sample_WatchOS_App_Extension.framework */,
				00E69F9025EC1DA7CF2D9C2F /* Pods_Sample_iOS_App.framework */,
				0CAFCCFF41F03088EA4071B2 /* Pods_Sample_WatchOS_App.framework */,
				A422D50420FD26230075319F /* NotificationCenter.framework */,
				A4B3B8E9227D1194A9C8C2FC /* Pods_Sample_Today_Extension.framework */,
			);
			name = Frameworks;
			sourceTree = "<group>";
		};
/* End PBXGroup section */

/* Begin PBXNativeTarget section */
		A422D50220FD26230075319F /* Sample Today Extension */ = {
			isa = PBXNativeTarget;
			buildConfigurationList = A422D51220FD26230075319F /* Build configuration list for PBXNativeTarget "Sample Today Extension" */;
			buildPhases = (
				EA9DA8A0DF6B39EFFABB296A /* [CP] Check Pods Manifest.lock */,
				A422D4FF20FD26230075319F /* Sources */,
				A422D50020FD26230075319F /* Frameworks */,
				A422D50120FD26230075319F /* Resources */,
			);
			buildRules = (
			);
			dependencies = (
			);
			name = "Sample Today Extension";
			productName = "Sample Today Extension";
			productReference = A422D50320FD26230075319F /* Sample Today Extension.appex */;
			productType = "com.apple.product-type.app-extension";
		};
		A48BFE2320C3FD9500557889 /* Sample iOS App */ = {
			isa = PBXNativeTarget;
			buildConfigurationList = A48BFE4120C3FD9700557889 /* Build configuration list for PBXNativeTarget "Sample iOS App" */;
			buildPhases = (
				F8AB404083992A70815B58EA /* [CP] Check Pods Manifest.lock */,
				A48BFE2020C3FD9500557889 /* Sources */,
				A48BFE2120C3FD9500557889 /* Frameworks */,
				A48BFE2220C3FD9500557889 /* Resources */,
				A48BFE6C20C4031800557889 /* Embed Watch Content */,
				60ADDF843A840DB3989AF12F /* [CP] Embed Pods Frameworks */,
				A422D51320FD26230075319F /* Embed App Extensions */,
			);
			buildRules = (
			);
			dependencies = (
				A48BFE6320C4031800557889 /* PBXTargetDependency */,
				A422D50E20FD26230075319F /* PBXTargetDependency */,
			);
			name = "Sample iOS App";
			productName = "Sample iOS App";
			productReference = A48BFE2420C3FD9500557889 /* Sample iOS App.app */;
			productType = "com.apple.product-type.application";
		};
		A48BFE3720C3FD9700557889 /* Sample iOS AppTests */ = {
			isa = PBXNativeTarget;
			buildConfigurationList = A48BFE4420C3FD9700557889 /* Build configuration list for PBXNativeTarget "Sample iOS AppTests" */;
			buildPhases = (
				A48BFE3420C3FD9700557889 /* Sources */,
				A48BFE3520C3FD9700557889 /* Frameworks */,
				A48BFE3620C3FD9700557889 /* Resources */,
			);
			buildRules = (
			);
			dependencies = (
				A48BFE3A20C3FD9700557889 /* PBXTargetDependency */,
			);
			name = "Sample iOS AppTests";
			productName = "Sample iOS AppTests";
			productReference = A48BFE3820C3FD9700557889 /* Sample iOS AppTests.xctest */;
			productType = "com.apple.product-type.bundle.unit-test";
		};
		A48BFE4920C4031600557889 /* Sample WatchOS App */ = {
			isa = PBXNativeTarget;
			buildConfigurationList = A48BFE6920C4031800557889 /* Build configuration list for PBXNativeTarget "Sample WatchOS App" */;
			buildPhases = (
				A48BFE4820C4031600557889 /* Resources */,
				A48BFE6820C4031800557889 /* Embed App Extensions */,
				61BEC90EC472A37B3FD73B57 /* Frameworks */,
			);
			buildRules = (
			);
			dependencies = (
				A48BFE5920C4031700557889 /* PBXTargetDependency */,
			);
			name = "Sample WatchOS App";
			productName = "Sample WatchOS App";
			productReference = A48BFE4A20C4031600557889 /* Sample WatchOS App.app */;
			productType = "com.apple.product-type.application.watchapp2";
		};
		A48BFE5520C4031700557889 /* Sample WatchOS App Extension */ = {
			isa = PBXNativeTarget;
			buildConfigurationList = A48BFE6520C4031800557889 /* Build configuration list for PBXNativeTarget "Sample WatchOS App Extension" */;
			buildPhases = (
				C603BB89898431C2ADE0A3C9 /* [CP] Check Pods Manifest.lock */,
				A48BFE5220C4031700557889 /* Sources */,
				A48BFE5320C4031700557889 /* Frameworks */,
				A48BFE5420C4031700557889 /* Resources */,
				C3444E2A59E08E21AE6B74FE /* [CP] Embed Pods Frameworks */,
			);
			buildRules = (
			);
			dependencies = (
			);
			name = "Sample WatchOS App Extension";
			productName = "Sample WatchOS App Extension";
			productReference = A48BFE5620C4031700557889 /* Sample WatchOS App Extension.appex */;
			productType = "com.apple.product-type.watchkit2-extension";
		};
/* End PBXNativeTarget section */

/* Begin PBXProject section */
		A48BFE1C20C3FD9500557889 /* Project object */ = {
			isa = PBXProject;
			attributes = {
				LastSwiftUpdateCheck = 0940;
				LastUpgradeCheck = 0940;
				ORGANIZATIONNAME = "Abdullah Selek";
				TargetAttributes = {
					A422D50220FD26230075319F = {
						CreatedOnToolsVersion = 9.4.1;
						LastSwiftMigration = 1020;
						SystemCapabilities = {
							com.apple.ApplicationGroups.iOS = {
								enabled = 1;
							};
						};
					};
					A48BFE2320C3FD9500557889 = {
						CreatedOnToolsVersion = 9.4;
						LastSwiftMigration = 1020;
						SystemCapabilities = {
							com.apple.ApplicationGroups.iOS = {
								enabled = 1;
							};
						};
					};
					A48BFE3720C3FD9700557889 = {
						CreatedOnToolsVersion = 9.4;
						LastSwiftMigration = 1020;
						TestTargetID = A48BFE2320C3FD9500557889;
					};
					A48BFE4920C4031600557889 = {
						CreatedOnToolsVersion = 9.4;
					};
					A48BFE5520C4031700557889 = {
						CreatedOnToolsVersion = 9.4;
						LastSwiftMigration = 1020;
						SystemCapabilities = {
							com.apple.ApplicationGroups.iOS = {
								enabled = 1;
							};
						};
					};
				};
			};
			buildConfigurationList = A48BFE1F20C3FD9500557889 /* Build configuration list for PBXProject "Sample iOS App" */;
			compatibilityVersion = "Xcode 9.3";
			developmentRegion = en;
			hasScannedForEncodings = 0;
			knownRegions = (
				en,
				Base,
			);
			mainGroup = A48BFE1B20C3FD9500557889;
			productRefGroup = A48BFE2520C3FD9500557889 /* Products */;
			projectDirPath = "";
			projectRoot = "";
			targets = (
				A48BFE2320C3FD9500557889 /* Sample iOS App */,
				A48BFE3720C3FD9700557889 /* Sample iOS AppTests */,
				A48BFE4920C4031600557889 /* Sample WatchOS App */,
				A48BFE5520C4031700557889 /* Sample WatchOS App Extension */,
				A422D50220FD26230075319F /* Sample Today Extension */,
			);
		};
/* End PBXProject section */

/* Begin PBXResourcesBuildPhase section */
		A422D50120FD26230075319F /* Resources */ = {
			isa = PBXResourcesBuildPhase;
			buildActionMask = 2147483647;
			files = (
				A422D50B20FD26230075319F /* MainInterface.storyboard in Resources */,
			);
			runOnlyForDeploymentPostprocessing = 0;
		};
		A48BFE2220C3FD9500557889 /* Resources */ = {
			isa = PBXResourcesBuildPhase;
			buildActionMask = 2147483647;
			files = (
				A48BFE3220C3FD9700557889 /* LaunchScreen.storyboard in Resources */,
				A48BFE2F20C3FD9700557889 /* Assets.xcassets in Resources */,
				A48BFE2D20C3FD9600557889 /* Main.storyboard in Resources */,
			);
			runOnlyForDeploymentPostprocessing = 0;
		};
		A48BFE3620C3FD9700557889 /* Resources */ = {
			isa = PBXResourcesBuildPhase;
			buildActionMask = 2147483647;
			files = (
			);
			runOnlyForDeploymentPostprocessing = 0;
		};
		A48BFE4820C4031600557889 /* Resources */ = {
			isa = PBXResourcesBuildPhase;
			buildActionMask = 2147483647;
			files = (
				A48BFE5020C4031700557889 /* Assets.xcassets in Resources */,
				A48BFE4E20C4031600557889 /* Interface.storyboard in Resources */,
			);
			runOnlyForDeploymentPostprocessing = 0;
		};
		A48BFE5420C4031700557889 /* Resources */ = {
			isa = PBXResourcesBuildPhase;
			buildActionMask = 2147483647;
			files = (
				A48BFE6020C4031800557889 /* Assets.xcassets in Resources */,
			);
			runOnlyForDeploymentPostprocessing = 0;
		};
/* End PBXResourcesBuildPhase section */

/* Begin PBXShellScriptBuildPhase section */
		60ADDF843A840DB3989AF12F /* [CP] Embed Pods Frameworks */ = {
			isa = PBXShellScriptBuildPhase;
			buildActionMask = 2147483647;
			files = (
			);
			inputPaths = (
				"${SRCROOT}/../Pods/Target Support Files/Pods-Sample iOS App/Pods-Sample iOS App-frameworks.sh",
				"${BUILT_PRODUCTS_DIR}/SwiftyMessenger-iOS/SwiftyMessenger.framework",
			);
			name = "[CP] Embed Pods Frameworks";
			outputPaths = (
				"${TARGET_BUILD_DIR}/${FRAMEWORKS_FOLDER_PATH}/SwiftyMessenger.framework",
			);
			runOnlyForDeploymentPostprocessing = 0;
			shellPath = /bin/sh;
			shellScript = "\"${SRCROOT}/../Pods/Target Support Files/Pods-Sample iOS App/Pods-Sample iOS App-frameworks.sh\"\n";
			showEnvVarsInLog = 0;
		};
		C3444E2A59E08E21AE6B74FE /* [CP] Embed Pods Frameworks */ = {
			isa = PBXShellScriptBuildPhase;
			buildActionMask = 2147483647;
			files = (
			);
			inputPaths = (
				"${SRCROOT}/../Pods/Target Support Files/Pods-Sample WatchOS App Extension/Pods-Sample WatchOS App Extension-frameworks.sh",
				"${BUILT_PRODUCTS_DIR}/SwiftyMessenger-watchOS/SwiftyMessenger.framework",
			);
			name = "[CP] Embed Pods Frameworks";
			outputPaths = (
				"${TARGET_BUILD_DIR}/${FRAMEWORKS_FOLDER_PATH}/SwiftyMessenger.framework",
			);
			runOnlyForDeploymentPostprocessing = 0;
			shellPath = /bin/sh;
			shellScript = "\"${SRCROOT}/../Pods/Target Support Files/Pods-Sample WatchOS App Extension/Pods-Sample WatchOS App Extension-frameworks.sh\"\n";
			showEnvVarsInLog = 0;
		};
		C603BB89898431C2ADE0A3C9 /* [CP] Check Pods Manifest.lock */ = {
			isa = PBXShellScriptBuildPhase;
			buildActionMask = 2147483647;
			files = (
			);
			inputPaths = (
				"${PODS_PODFILE_DIR_PATH}/Podfile.lock",
				"${PODS_ROOT}/Manifest.lock",
			);
			name = "[CP] Check Pods Manifest.lock";
			outputPaths = (
				"$(DERIVED_FILE_DIR)/Pods-Sample WatchOS App Extension-checkManifestLockResult.txt",
			);
			runOnlyForDeploymentPostprocessing = 0;
			shellPath = /bin/sh;
			shellScript = "diff \"${PODS_PODFILE_DIR_PATH}/Podfile.lock\" \"${PODS_ROOT}/Manifest.lock\" > /dev/null\nif [ $? != 0 ] ; then\n    # print error to STDERR\n    echo \"error: The sandbox is not in sync with the Podfile.lock. Run 'pod install' or update your CocoaPods installation.\" >&2\n    exit 1\nfi\n# This output is used by Xcode 'outputs' to avoid re-running this script phase.\necho \"SUCCESS\" > \"${SCRIPT_OUTPUT_FILE_0}\"\n";
			showEnvVarsInLog = 0;
		};
		EA9DA8A0DF6B39EFFABB296A /* [CP] Check Pods Manifest.lock */ = {
			isa = PBXShellScriptBuildPhase;
			buildActionMask = 2147483647;
			files = (
			);
			inputPaths = (
				"${PODS_PODFILE_DIR_PATH}/Podfile.lock",
				"${PODS_ROOT}/Manifest.lock",
			);
			name = "[CP] Check Pods Manifest.lock";
			outputPaths = (
				"$(DERIVED_FILE_DIR)/Pods-Sample Today Extension-checkManifestLockResult.txt",
			);
			runOnlyForDeploymentPostprocessing = 0;
			shellPath = /bin/sh;
			shellScript = "diff \"${PODS_PODFILE_DIR_PATH}/Podfile.lock\" \"${PODS_ROOT}/Manifest.lock\" > /dev/null\nif [ $? != 0 ] ; then\n    # print error to STDERR\n    echo \"error: The sandbox is not in sync with the Podfile.lock. Run 'pod install' or update your CocoaPods installation.\" >&2\n    exit 1\nfi\n# This output is used by Xcode 'outputs' to avoid re-running this script phase.\necho \"SUCCESS\" > \"${SCRIPT_OUTPUT_FILE_0}\"\n";
			showEnvVarsInLog = 0;
		};
		F8AB404083992A70815B58EA /* [CP] Check Pods Manifest.lock */ = {
			isa = PBXShellScriptBuildPhase;
			buildActionMask = 2147483647;
			files = (
			);
			inputPaths = (
				"${PODS_PODFILE_DIR_PATH}/Podfile.lock",
				"${PODS_ROOT}/Manifest.lock",
			);
			name = "[CP] Check Pods Manifest.lock";
			outputPaths = (
				"$(DERIVED_FILE_DIR)/Pods-Sample iOS App-checkManifestLockResult.txt",
			);
			runOnlyForDeploymentPostprocessing = 0;
			shellPath = /bin/sh;
			shellScript = "diff \"${PODS_PODFILE_DIR_PATH}/Podfile.lock\" \"${PODS_ROOT}/Manifest.lock\" > /dev/null\nif [ $? != 0 ] ; then\n    # print error to STDERR\n    echo \"error: The sandbox is not in sync with the Podfile.lock. Run 'pod install' or update your CocoaPods installation.\" >&2\n    exit 1\nfi\n# This output is used by Xcode 'outputs' to avoid re-running this script phase.\necho \"SUCCESS\" > \"${SCRIPT_OUTPUT_FILE_0}\"\n";
			showEnvVarsInLog = 0;
		};
/* End PBXShellScriptBuildPhase section */

/* Begin PBXSourcesBuildPhase section */
		A422D4FF20FD26230075319F /* Sources */ = {
			isa = PBXSourcesBuildPhase;
			buildActionMask = 2147483647;
			files = (
				A422D50820FD26230075319F /* TodayViewController.swift in Sources */,
			);
			runOnlyForDeploymentPostprocessing = 0;
		};
		A48BFE2020C3FD9500557889 /* Sources */ = {
			isa = PBXSourcesBuildPhase;
			buildActionMask = 2147483647;
			files = (
				A48BFE2A20C3FD9500557889 /* ViewController.swift in Sources */,
				A48BFE2820C3FD9500557889 /* AppDelegate.swift in Sources */,
			);
			runOnlyForDeploymentPostprocessing = 0;
		};
		A48BFE3420C3FD9700557889 /* Sources */ = {
			isa = PBXSourcesBuildPhase;
			buildActionMask = 2147483647;
			files = (
				A48BFE3D20C3FD9700557889 /* Sample_iOS_AppTests.swift in Sources */,
			);
			runOnlyForDeploymentPostprocessing = 0;
		};
		A48BFE5220C4031700557889 /* Sources */ = {
			isa = PBXSourcesBuildPhase;
			buildActionMask = 2147483647;
			files = (
				A48BFE5E20C4031800557889 /* ExtensionDelegate.swift in Sources */,
				A48BFE5C20C4031800557889 /* InterfaceController.swift in Sources */,
			);
			runOnlyForDeploymentPostprocessing = 0;
		};
/* End PBXSourcesBuildPhase section */

/* Begin PBXTargetDependency section */
		A422D50E20FD26230075319F /* PBXTargetDependency */ = {
			isa = PBXTargetDependency;
			target = A422D50220FD26230075319F /* Sample Today Extension */;
			targetProxy = A422D50D20FD26230075319F /* PBXContainerItemProxy */;
		};
		A48BFE3A20C3FD9700557889 /* PBXTargetDependency */ = {
			isa = PBXTargetDependency;
			target = A48BFE2320C3FD9500557889 /* Sample iOS App */;
			targetProxy = A48BFE3920C3FD9700557889 /* PBXContainerItemProxy */;
		};
		A48BFE5920C4031700557889 /* PBXTargetDependency */ = {
			isa = PBXTargetDependency;
			target = A48BFE5520C4031700557889 /* Sample WatchOS App Extension */;
			targetProxy = A48BFE5820C4031700557889 /* PBXContainerItemProxy */;
		};
		A48BFE6320C4031800557889 /* PBXTargetDependency */ = {
			isa = PBXTargetDependency;
			target = A48BFE4920C4031600557889 /* Sample WatchOS App */;
			targetProxy = A48BFE6220C4031800557889 /* PBXContainerItemProxy */;
		};
/* End PBXTargetDependency section */

/* Begin PBXVariantGroup section */
		A422D50920FD26230075319F /* MainInterface.storyboard */ = {
			isa = PBXVariantGroup;
			children = (
				A422D50A20FD26230075319F /* Base */,
			);
			name = MainInterface.storyboard;
			sourceTree = "<group>";
		};
		A48BFE2B20C3FD9600557889 /* Main.storyboard */ = {
			isa = PBXVariantGroup;
			children = (
				A48BFE2C20C3FD9600557889 /* Base */,
			);
			name = Main.storyboard;
			sourceTree = "<group>";
		};
		A48BFE3020C3FD9700557889 /* LaunchScreen.storyboard */ = {
			isa = PBXVariantGroup;
			children = (
				A48BFE3120C3FD9700557889 /* Base */,
			);
			name = LaunchScreen.storyboard;
			sourceTree = "<group>";
		};
		A48BFE4C20C4031600557889 /* Interface.storyboard */ = {
			isa = PBXVariantGroup;
			children = (
				A48BFE4D20C4031600557889 /* Base */,
			);
			name = Interface.storyboard;
			sourceTree = "<group>";
		};
/* End PBXVariantGroup section */

/* Begin XCBuildConfiguration section */
		A422D51020FD26230075319F /* Debug */ = {
			isa = XCBuildConfiguration;
			baseConfigurationReference = 2C07A44182E22674FA7D6D25 /* Pods-Sample Today Extension.debug.xcconfig */;
			buildSettings = {
				APPLICATION_EXTENSION_API_ONLY = NO;
				CODE_SIGN_ENTITLEMENTS = "Sample Today Extension/Sample Today Extension.entitlements";
				CODE_SIGN_STYLE = Automatic;
				DEVELOPMENT_TEAM = 5EHDAGHZ78;
				INFOPLIST_FILE = "Sample Today Extension/Info.plist";
				IPHONEOS_DEPLOYMENT_TARGET = 9.0;
				LD_RUNPATH_SEARCH_PATHS = (
					"$(inherited)",
					"@executable_path/Frameworks",
					"@executable_path/../../Frameworks",
				);
				PRODUCT_BUNDLE_IDENTIFIER = "com.abdullahselek.Sample-iOS-App.Sample-Today-Extension";
				PRODUCT_NAME = "$(TARGET_NAME)";
				SKIP_INSTALL = YES;
				SWIFT_VERSION = 5.0;
				TARGETED_DEVICE_FAMILY = "1,2";
			};
			name = Debug;
		};
		A422D51120FD26230075319F /* Release */ = {
			isa = XCBuildConfiguration;
			baseConfigurationReference = 9CE168CD09A75B85DBD4AC62 /* Pods-Sample Today Extension.release.xcconfig */;
			buildSettings = {
				APPLICATION_EXTENSION_API_ONLY = NO;
				CODE_SIGN_ENTITLEMENTS = "Sample Today Extension/Sample Today Extension.entitlements";
				CODE_SIGN_STYLE = Automatic;
				DEVELOPMENT_TEAM = 5EHDAGHZ78;
				INFOPLIST_FILE = "Sample Today Extension/Info.plist";
				IPHONEOS_DEPLOYMENT_TARGET = 9.0;
				LD_RUNPATH_SEARCH_PATHS = (
					"$(inherited)",
					"@executable_path/Frameworks",
					"@executable_path/../../Frameworks",
				);
				PRODUCT_BUNDLE_IDENTIFIER = "com.abdullahselek.Sample-iOS-App.Sample-Today-Extension";
				PRODUCT_NAME = "$(TARGET_NAME)";
				SKIP_INSTALL = YES;
				SWIFT_VERSION = 5.0;
				TARGETED_DEVICE_FAMILY = "1,2";
			};
			name = Release;
		};
		A48BFE3F20C3FD9700557889 /* Debug */ = {
			isa = XCBuildConfiguration;
			buildSettings = {
				ALWAYS_SEARCH_USER_PATHS = NO;
				CLANG_ANALYZER_NONNULL = YES;
				CLANG_ANALYZER_NUMBER_OBJECT_CONVERSION = YES_AGGRESSIVE;
				CLANG_CXX_LANGUAGE_STANDARD = "gnu++14";
				CLANG_CXX_LIBRARY = "libc++";
				CLANG_ENABLE_MODULES = YES;
				CLANG_ENABLE_OBJC_ARC = YES;
				CLANG_ENABLE_OBJC_WEAK = YES;
				CLANG_WARN_BLOCK_CAPTURE_AUTORELEASING = YES;
				CLANG_WARN_BOOL_CONVERSION = YES;
				CLANG_WARN_COMMA = YES;
				CLANG_WARN_CONSTANT_CONVERSION = YES;
				CLANG_WARN_DEPRECATED_OBJC_IMPLEMENTATIONS = YES;
				CLANG_WARN_DIRECT_OBJC_ISA_USAGE = YES_ERROR;
				CLANG_WARN_DOCUMENTATION_COMMENTS = YES;
				CLANG_WARN_EMPTY_BODY = YES;
				CLANG_WARN_ENUM_CONVERSION = YES;
				CLANG_WARN_INFINITE_RECURSION = YES;
				CLANG_WARN_INT_CONVERSION = YES;
				CLANG_WARN_NON_LITERAL_NULL_CONVERSION = YES;
				CLANG_WARN_OBJC_IMPLICIT_RETAIN_SELF = YES;
				CLANG_WARN_OBJC_LITERAL_CONVERSION = YES;
				CLANG_WARN_OBJC_ROOT_CLASS = YES_ERROR;
				CLANG_WARN_RANGE_LOOP_ANALYSIS = YES;
				CLANG_WARN_STRICT_PROTOTYPES = YES;
				CLANG_WARN_SUSPICIOUS_MOVE = YES;
				CLANG_WARN_UNGUARDED_AVAILABILITY = YES_AGGRESSIVE;
				CLANG_WARN_UNREACHABLE_CODE = YES;
				CLANG_WARN__DUPLICATE_METHOD_MATCH = YES;
				CODE_SIGN_IDENTITY = "iPhone Developer";
				COPY_PHASE_STRIP = NO;
				DEBUG_INFORMATION_FORMAT = dwarf;
				ENABLE_STRICT_OBJC_MSGSEND = YES;
				ENABLE_TESTABILITY = YES;
				GCC_C_LANGUAGE_STANDARD = gnu11;
				GCC_DYNAMIC_NO_PIC = NO;
				GCC_NO_COMMON_BLOCKS = YES;
				GCC_OPTIMIZATION_LEVEL = 0;
				GCC_PREPROCESSOR_DEFINITIONS = (
					"DEBUG=1",
					"$(inherited)",
				);
				GCC_WARN_64_TO_32_BIT_CONVERSION = YES;
				GCC_WARN_ABOUT_RETURN_TYPE = YES_ERROR;
				GCC_WARN_UNDECLARED_SELECTOR = YES;
				GCC_WARN_UNINITIALIZED_AUTOS = YES_AGGRESSIVE;
				GCC_WARN_UNUSED_FUNCTION = YES;
				GCC_WARN_UNUSED_VARIABLE = YES;
				IPHONEOS_DEPLOYMENT_TARGET = 9.0;
				MTL_ENABLE_DEBUG_INFO = YES;
				ONLY_ACTIVE_ARCH = YES;
				SDKROOT = iphoneos;
				SWIFT_ACTIVE_COMPILATION_CONDITIONS = DEBUG;
				SWIFT_OPTIMIZATION_LEVEL = "-Onone";
			};
			name = Debug;
		};
		A48BFE4020C3FD9700557889 /* Release */ = {
			isa = XCBuildConfiguration;
			buildSettings = {
				ALWAYS_SEARCH_USER_PATHS = NO;
				CLANG_ANALYZER_NONNULL = YES;
				CLANG_ANALYZER_NUMBER_OBJECT_CONVERSION = YES_AGGRESSIVE;
				CLANG_CXX_LANGUAGE_STANDARD = "gnu++14";
				CLANG_CXX_LIBRARY = "libc++";
				CLANG_ENABLE_MODULES = YES;
				CLANG_ENABLE_OBJC_ARC = YES;
				CLANG_ENABLE_OBJC_WEAK = YES;
				CLANG_WARN_BLOCK_CAPTURE_AUTORELEASING = YES;
				CLANG_WARN_BOOL_CONVERSION = YES;
				CLANG_WARN_COMMA = YES;
				CLANG_WARN_CONSTANT_CONVERSION = YES;
				CLANG_WARN_DEPRECATED_OBJC_IMPLEMENTATIONS = YES;
				CLANG_WARN_DIRECT_OBJC_ISA_USAGE = YES_ERROR;
				CLANG_WARN_DOCUMENTATION_COMMENTS = YES;
				CLANG_WARN_EMPTY_BODY = YES;
				CLANG_WARN_ENUM_CONVERSION = YES;
				CLANG_WARN_INFINITE_RECURSION = YES;
				CLANG_WARN_INT_CONVERSION = YES;
				CLANG_WARN_NON_LITERAL_NULL_CONVERSION = YES;
				CLANG_WARN_OBJC_IMPLICIT_RETAIN_SELF = YES;
				CLANG_WARN_OBJC_LITERAL_CONVERSION = YES;
				CLANG_WARN_OBJC_ROOT_CLASS = YES_ERROR;
				CLANG_WARN_RANGE_LOOP_ANALYSIS = YES;
				CLANG_WARN_STRICT_PROTOTYPES = YES;
				CLANG_WARN_SUSPICIOUS_MOVE = YES;
				CLANG_WARN_UNGUARDED_AVAILABILITY = YES_AGGRESSIVE;
				CLANG_WARN_UNREACHABLE_CODE = YES;
				CLANG_WARN__DUPLICATE_METHOD_MATCH = YES;
				CODE_SIGN_IDENTITY = "iPhone Developer";
				COPY_PHASE_STRIP = NO;
				DEBUG_INFORMATION_FORMAT = "dwarf-with-dsym";
				ENABLE_NS_ASSERTIONS = NO;
				ENABLE_STRICT_OBJC_MSGSEND = YES;
				GCC_C_LANGUAGE_STANDARD = gnu11;
				GCC_NO_COMMON_BLOCKS = YES;
				GCC_WARN_64_TO_32_BIT_CONVERSION = YES;
				GCC_WARN_ABOUT_RETURN_TYPE = YES_ERROR;
				GCC_WARN_UNDECLARED_SELECTOR = YES;
				GCC_WARN_UNINITIALIZED_AUTOS = YES_AGGRESSIVE;
				GCC_WARN_UNUSED_FUNCTION = YES;
				GCC_WARN_UNUSED_VARIABLE = YES;
				IPHONEOS_DEPLOYMENT_TARGET = 9.0;
				MTL_ENABLE_DEBUG_INFO = NO;
				SDKROOT = iphoneos;
				SWIFT_COMPILATION_MODE = wholemodule;
				SWIFT_OPTIMIZATION_LEVEL = "-O";
				VALIDATE_PRODUCT = YES;
			};
			name = Release;
		};
		A48BFE4220C3FD9700557889 /* Debug */ = {
			isa = XCBuildConfiguration;
			baseConfigurationReference = FCBE014F9DFBAFA395BF1FA0 /* Pods-Sample iOS App.debug.xcconfig */;
			buildSettings = {
				ASSETCATALOG_COMPILER_APPICON_NAME = AppIcon;
				CODE_SIGN_ENTITLEMENTS = "Sample iOS App/Sample iOS App.entitlements";
				CODE_SIGN_STYLE = Automatic;
				DEVELOPMENT_TEAM = 5EHDAGHZ78;
				INFOPLIST_FILE = "Sample iOS App/Info.plist";
				IPHONEOS_DEPLOYMENT_TARGET = 9.0;
				LD_RUNPATH_SEARCH_PATHS = (
					"$(inherited)",
					"@executable_path/Frameworks",
				);
				PRODUCT_BUNDLE_IDENTIFIER = "com.abdullahselek.Sample-iOS-App";
				PRODUCT_NAME = "$(TARGET_NAME)";
				SWIFT_VERSION = 5.0;
				TARGETED_DEVICE_FAMILY = "1,2";
			};
			name = Debug;
		};
		A48BFE4320C3FD9700557889 /* Release */ = {
			isa = XCBuildConfiguration;
			baseConfigurationReference = CF4068937DFAAA39BD261224 /* Pods-Sample iOS App.release.xcconfig */;
			buildSettings = {
				ASSETCATALOG_COMPILER_APPICON_NAME = AppIcon;
				CODE_SIGN_ENTITLEMENTS = "Sample iOS App/Sample iOS App.entitlements";
				CODE_SIGN_STYLE = Automatic;
				DEVELOPMENT_TEAM = 5EHDAGHZ78;
				INFOPLIST_FILE = "Sample iOS App/Info.plist";
				IPHONEOS_DEPLOYMENT_TARGET = 9.0;
				LD_RUNPATH_SEARCH_PATHS = (
					"$(inherited)",
					"@executable_path/Frameworks",
				);
				PRODUCT_BUNDLE_IDENTIFIER = "com.abdullahselek.Sample-iOS-App";
				PRODUCT_NAME = "$(TARGET_NAME)";
				SWIFT_VERSION = 5.0;
				TARGETED_DEVICE_FAMILY = "1,2";
			};
			name = Release;
		};
		A48BFE4520C3FD9700557889 /* Debug */ = {
			isa = XCBuildConfiguration;
			buildSettings = {
				ALWAYS_EMBED_SWIFT_STANDARD_LIBRARIES = YES;
				BUNDLE_LOADER = "$(TEST_HOST)";
				CODE_SIGN_STYLE = Automatic;
				INFOPLIST_FILE = "Sample iOS AppTests/Info.plist";
				LD_RUNPATH_SEARCH_PATHS = (
					"$(inherited)",
					"@executable_path/Frameworks",
					"@loader_path/Frameworks",
				);
				PRODUCT_BUNDLE_IDENTIFIER = "com.abdullahselek.Sample-iOS-AppTests";
				PRODUCT_NAME = "$(TARGET_NAME)";
				SWIFT_VERSION = 5.0;
				TARGETED_DEVICE_FAMILY = "1,2";
				TEST_HOST = "$(BUILT_PRODUCTS_DIR)/Sample iOS App.app/Sample iOS App";
			};
			name = Debug;
		};
		A48BFE4620C3FD9700557889 /* Release */ = {
			isa = XCBuildConfiguration;
			buildSettings = {
				ALWAYS_EMBED_SWIFT_STANDARD_LIBRARIES = YES;
				BUNDLE_LOADER = "$(TEST_HOST)";
				CODE_SIGN_STYLE = Automatic;
				INFOPLIST_FILE = "Sample iOS AppTests/Info.plist";
				LD_RUNPATH_SEARCH_PATHS = (
					"$(inherited)",
					"@executable_path/Frameworks",
					"@loader_path/Frameworks",
				);
				PRODUCT_BUNDLE_IDENTIFIER = "com.abdullahselek.Sample-iOS-AppTests";
				PRODUCT_NAME = "$(TARGET_NAME)";
				SWIFT_VERSION = 5.0;
				TARGETED_DEVICE_FAMILY = "1,2";
				TEST_HOST = "$(BUILT_PRODUCTS_DIR)/Sample iOS App.app/Sample iOS App";
			};
			name = Release;
		};
		A48BFE6620C4031800557889 /* Debug */ = {
			isa = XCBuildConfiguration;
			baseConfigurationReference = 643357F188B67233D6BA62C8 /* Pods-Sample WatchOS App Extension.debug.xcconfig */;
			buildSettings = {
				APPLICATION_EXTENSION_API_ONLY = NO;
				ASSETCATALOG_COMPILER_COMPLICATION_NAME = Complication;
				CODE_SIGN_ENTITLEMENTS = "Sample WatchOS App Extension/Sample WatchOS App Extension.entitlements";
				CODE_SIGN_STYLE = Automatic;
				DEVELOPMENT_TEAM = 5EHDAGHZ78;
				INFOPLIST_FILE = "Sample WatchOS App Extension/Info.plist";
				LD_RUNPATH_SEARCH_PATHS = (
					"$(inherited)",
					"@executable_path/Frameworks",
					"@executable_path/../../Frameworks",
				);
				PRODUCT_BUNDLE_IDENTIFIER = "com.abdullahselek.Sample-iOS-App.watchkitapp.watchkitextension";
				PRODUCT_NAME = "${TARGET_NAME}";
				SDKROOT = watchos;
				SKIP_INSTALL = YES;
				SWIFT_VERSION = 5.0;
				TARGETED_DEVICE_FAMILY = 4;
				WATCHOS_DEPLOYMENT_TARGET = 2.2;
			};
			name = Debug;
		};
		A48BFE6720C4031800557889 /* Release */ = {
			isa = XCBuildConfiguration;
			baseConfigurationReference = 6F0C163953D7D1118FCAF026 /* Pods-Sample WatchOS App Extension.release.xcconfig */;
			buildSettings = {
				APPLICATION_EXTENSION_API_ONLY = NO;
				ASSETCATALOG_COMPILER_COMPLICATION_NAME = Complication;
				CODE_SIGN_ENTITLEMENTS = "Sample WatchOS App Extension/Sample WatchOS App Extension.entitlements";
				CODE_SIGN_STYLE = Automatic;
				DEVELOPMENT_TEAM = 5EHDAGHZ78;
				INFOPLIST_FILE = "Sample WatchOS App Extension/Info.plist";
				LD_RUNPATH_SEARCH_PATHS = (
					"$(inherited)",
					"@executable_path/Frameworks",
					"@executable_path/../../Frameworks",
				);
				PRODUCT_BUNDLE_IDENTIFIER = "com.abdullahselek.Sample-iOS-App.watchkitapp.watchkitextension";
				PRODUCT_NAME = "${TARGET_NAME}";
				SDKROOT = watchos;
				SKIP_INSTALL = YES;
				SWIFT_VERSION = 5.0;
				TARGETED_DEVICE_FAMILY = 4;
				WATCHOS_DEPLOYMENT_TARGET = 2.2;
			};
			name = Release;
		};
		A48BFE6A20C4031800557889 /* Debug */ = {
			isa = XCBuildConfiguration;
			buildSettings = {
				ASSETCATALOG_COMPILER_APPICON_NAME = AppIcon;
				CODE_SIGN_STYLE = Automatic;
				DEVELOPMENT_TEAM = 5EHDAGHZ78;
				IBSC_MODULE = Sample_WatchOS_App_Extension;
				INFOPLIST_FILE = "Sample WatchOS App/Info.plist";
				PRODUCT_BUNDLE_IDENTIFIER = "com.abdullahselek.Sample-iOS-App.watchkitapp";
				PRODUCT_NAME = "$(TARGET_NAME)";
				SDKROOT = watchos;
				SKIP_INSTALL = YES;
				SWIFT_VERSION = 4.0;
				TARGETED_DEVICE_FAMILY = 4;
				WATCHOS_DEPLOYMENT_TARGET = 2.2;
			};
			name = Debug;
		};
		A48BFE6B20C4031800557889 /* Release */ = {
			isa = XCBuildConfiguration;
			buildSettings = {
				ASSETCATALOG_COMPILER_APPICON_NAME = AppIcon;
				CODE_SIGN_STYLE = Automatic;
				DEVELOPMENT_TEAM = 5EHDAGHZ78;
				IBSC_MODULE = Sample_WatchOS_App_Extension;
				INFOPLIST_FILE = "Sample WatchOS App/Info.plist";
				PRODUCT_BUNDLE_IDENTIFIER = "com.abdullahselek.Sample-iOS-App.watchkitapp";
				PRODUCT_NAME = "$(TARGET_NAME)";
				SDKROOT = watchos;
				SKIP_INSTALL = YES;
				SWIFT_VERSION = 4.0;
				TARGETED_DEVICE_FAMILY = 4;
				WATCHOS_DEPLOYMENT_TARGET = 2.2;
			};
			name = Release;
		};
/* End XCBuildConfiguration section */

/* Begin XCConfigurationList section */
		A422D51220FD26230075319F /* Build configuration list for PBXNativeTarget "Sample Today Extension" */ = {
			isa = XCConfigurationList;
			buildConfigurations = (
				A422D51020FD26230075319F /* Debug */,
				A422D51120FD26230075319F /* Release */,
			);
			defaultConfigurationIsVisible = 0;
			defaultConfigurationName = Release;
		};
		A48BFE1F20C3FD9500557889 /* Build configuration list for PBXProject "Sample iOS App" */ = {
			isa = XCConfigurationList;
			buildConfigurations = (
				A48BFE3F20C3FD9700557889 /* Debug */,
				A48BFE4020C3FD9700557889 /* Release */,
			);
			defaultConfigurationIsVisible = 0;
			defaultConfigurationName = Release;
		};
		A48BFE4120C3FD9700557889 /* Build configuration list for PBXNativeTarget "Sample iOS App" */ = {
			isa = XCConfigurationList;
			buildConfigurations = (
				A48BFE4220C3FD9700557889 /* Debug */,
				A48BFE4320C3FD9700557889 /* Release */,
			);
			defaultConfigurationIsVisible = 0;
			defaultConfigurationName = Release;
		};
		A48BFE4420C3FD9700557889 /* Build configuration list for PBXNativeTarget "Sample iOS AppTests" */ = {
			isa = XCConfigurationList;
			buildConfigurations = (
				A48BFE4520C3FD9700557889 /* Debug */,
				A48BFE4620C3FD9700557889 /* Release */,
			);
			defaultConfigurationIsVisible = 0;
			defaultConfigurationName = Release;
		};
		A48BFE6520C4031800557889 /* Build configuration list for PBXNativeTarget "Sample WatchOS App Extension" */ = {
			isa = XCConfigurationList;
			buildConfigurations = (
				A48BFE6620C4031800557889 /* Debug */,
				A48BFE6720C4031800557889 /* Release */,
			);
			defaultConfigurationIsVisible = 0;
			defaultConfigurationName = Release;
		};
		A48BFE6920C4031800557889 /* Build configuration list for PBXNativeTarget "Sample WatchOS App" */ = {
			isa = XCConfigurationList;
			buildConfigurations = (
				A48BFE6A20C4031800557889 /* Debug */,
				A48BFE6B20C4031800557889 /* Release */,
			);
			defaultConfigurationIsVisible = 0;
			defaultConfigurationName = Release;
		};
/* End XCConfigurationList section */
	};
	rootObject = A48BFE1C20C3FD9500557889 /* Project object */;
}
