// !$*UTF8*$!
{
	archiveVersion = 1;
	classes = {
	};
	objectVersion = 50;
	objects = {

/* Begin PBXBuildFile section */
		A48BFE2820C3FD9500557889 /* AppDelegate.swift in Sources */ = {isa = PBXBuildFile; fileRef = A48BFE2720C3FD9500557889 /* AppDelegate.swift */; };
		A48BFE2A20C3FD9500557889 /* ViewController.swift in Sources */ = {isa = PBXBuildFile; fileRef = A48BFE2920C3FD9500557889 /* ViewController.swift */; };
		A48BFE2D20C3FD9600557889 /* Main.storyboard in Resources */ = {isa = PBXBuildFile; fileRef = A48BFE2B20C3FD9600557889 /* Main.storyboard */; };
		A48BFE2F20C3FD9700557889 /* Assets.xcassets in Resources */ = {isa = PBXBuildFile; fileRef = A48BFE2E20C3FD9700557889 /* Assets.xcassets */; };
		A48BFE3220C3FD9700557889 /* LaunchScreen.storyboard in Resources */ = {isa = PBXBuildFile; fileRef = A48BFE3020C3FD9700557889 /* LaunchScreen.storyboard */; };
		A48BFE3D20C3FD9700557889 /* Sample_iOS_AppTests.swift in Sources */ = {isa = PBXBuildFile; fileRef = A48BFE3C20C3FD9700557889 /* Sample_iOS_AppTests.swift */; };
/* End PBXBuildFile section */

/* Begin PBXContainerItemProxy section */
		A48BFE3920C3FD9700557889 /* PBXContainerItemProxy */ = {
			isa = PBXContainerItemProxy;
			containerPortal = A48BFE1C20C3FD9500557889 /* Project object */;
			proxyType = 1;
			remoteGlobalIDString = A48BFE2320C3FD9500557889;
			remoteInfo = "Sample iOS App";
		};
/* End PBXContainerItemProxy section */

/* Begin PBXFileReference section */
		A48BFE2420C3FD9500557889 /* Sample iOS App.app */ = {isa = PBXFileReference; explicitFileType = wrapper.application; includeInIndex = 0; path = "Sample iOS App.app"; sourceTree = BUILT_PRODUCTS_DIR; };
		A48BFE2720C3FD9500557889 /* AppDelegate.swift */ = {isa = PBXFileReference; lastKnownFileType = sourcecode.swift; path = AppDelegate.swift; sourceTree = "<group>"; };
		A48BFE2920C3FD9500557889 /* ViewController.swift */ = {isa = PBXFileReference; lastKnownFileType = sourcecode.swift; path = ViewController.swift; sourceTree = "<group>"; };
		A48BFE2C20C3FD9600557889 /* Base */ = {isa = PBXFileReference; lastKnownFileType = file.storyboard; name = Base; path = Base.lproj/Main.storyboard; sourceTree = "<group>"; };
		A48BFE2E20C3FD9700557889 /* Assets.xcassets */ = {isa = PBXFileReference; lastKnownFileType = folder.assetcatalog; path = Assets.xcassets; sourceTree = "<group>"; };
		A48BFE3120C3FD9700557889 /* Base */ = {isa = PBXFileReference; lastKnownFileType = file.storyboard; name = Base; path = Base.lproj/LaunchScreen.storyboard; sourceTree = "<group>"; };
		A48BFE3320C3FD9700557889 /* Info.plist */ = {isa = PBXFileReference; lastKnownFileType = text.plist.xml; path = Info.plist; sourceTree = "<group>"; };
		A48BFE3820C3FD9700557889 /* Sample iOS AppTests.xctest */ = {isa = PBXFileReference; explicitFileType = wrapper.cfbundle; includeInIndex = 0; path = "Sample iOS AppTests.xctest"; sourceTree = BUILT_PRODUCTS_DIR; };
		A48BFE3C20C3FD9700557889 /* Sample_iOS_AppTests.swift */ = {isa = PBXFileReference; lastKnownFileType = sourcecode.swift; path = Sample_iOS_AppTests.swift; sourceTree = "<group>"; };
		A48BFE3E20C3FD9700557889 /* Info.plist */ = {isa = PBXFileReference; lastKnownFileType = text.plist.xml; path = Info.plist; sourceTree = "<group>"; };
		A48BFE4720C4011B00557889 /* Sample iOS App.entitlements */ = {isa = PBXFileReference; lastKnownFileType = text.plist.entitlements; path = "Sample iOS App.entitlements"; sourceTree = "<group>"; };
/* End PBXFileReference section */

/* Begin PBXFrameworksBuildPhase section */
		A48BFE2120C3FD9500557889 /* Frameworks */ = {
			isa = PBXFrameworksBuildPhase;
			buildActionMask = 2147483647;
			files = (
			);
			runOnlyForDeploymentPostprocessing = 0;
		};
		A48BFE3520C3FD9700557889 /* Frameworks */ = {
			isa = PBXFrameworksBuildPhase;
			buildActionMask = 2147483647;
			files = (
			);
			runOnlyForDeploymentPostprocessing = 0;
		};
/* End PBXFrameworksBuildPhase section */

/* Begin PBXGroup section */
		A48BFE1B20C3FD9500557889 = {
			isa = PBXGroup;
			children = (
				A48BFE2620C3FD9500557889 /* Sample iOS App */,
				A48BFE3B20C3FD9700557889 /* Sample iOS AppTests */,
				A48BFE2520C3FD9500557889 /* Products */,
			);
			sourceTree = "<group>";
		};
		A48BFE2520C3FD9500557889 /* Products */ = {
			isa = PBXGroup;
			children = (
				A48BFE2420C3FD9500557889 /* Sample iOS App.app */,
				A48BFE3820C3FD9700557889 /* Sample iOS AppTests.xctest */,
			);
			name = Products;
			sourceTree = "<group>";
		};
		A48BFE2620C3FD9500557889 /* Sample iOS App */ = {
			isa = PBXGroup;
			children = (
				A48BFE4720C4011B00557889 /* Sample iOS App.entitlements */,
				A48BFE2720C3FD9500557889 /* AppDelegate.swift */,
				A48BFE2920C3FD9500557889 /* ViewController.swift */,
				A48BFE2B20C3FD9600557889 /* Main.storyboard */,
				A48BFE2E20C3FD9700557889 /* Assets.xcassets */,
				A48BFE3020C3FD9700557889 /* LaunchScreen.storyboard */,
				A48BFE3320C3FD9700557889 /* Info.plist */,
			);
			path = "Sample iOS App";
			sourceTree = "<group>";
		};
		A48BFE3B20C3FD9700557889 /* Sample iOS AppTests */ = {
			isa = PBXGroup;
			children = (
				A48BFE3C20C3FD9700557889 /* Sample_iOS_AppTests.swift */,
				A48BFE3E20C3FD9700557889 /* Info.plist */,
			);
			path = "Sample iOS AppTests";
			sourceTree = "<group>";
		};
/* End PBXGroup section */

/* Begin PBXNativeTarget section */
		A48BFE2320C3FD9500557889 /* Sample iOS App */ = {
			isa = PBXNativeTarget;
			buildConfigurationList = A48BFE4120C3FD9700557889 /* Build configuration list for PBXNativeTarget "Sample iOS App" */;
			buildPhases = (
				A48BFE2020C3FD9500557889 /* Sources */,
				A48BFE2120C3FD9500557889 /* Frameworks */,
				A48BFE2220C3FD9500557889 /* Resources */,
			);
			buildRules = (
			);
			dependencies = (
			);
			name = "Sample iOS App";
			productName = "Sample iOS App";
			productReference = A48BFE2420C3FD9500557889 /* Sample iOS App.app */;
			productType = "com.apple.product-type.application";
		};
		A48BFE3720C3FD9700557889 /* Sample iOS AppTests */ = {
			isa = PBXNativeTarget;
			buildConfigurationList = A48BFE4420C3FD9700557889 /* Build configuration list for PBXNativeTarget "Sample iOS AppTests" */;
			buildPhases = (
				A48BFE3420C3FD9700557889 /* Sources */,
				A48BFE3520C3FD9700557889 /* Frameworks */,
				A48BFE3620C3FD9700557889 /* Resources */,
			);
			buildRules = (
			);
			dependencies = (
				A48BFE3A20C3FD9700557889 /* PBXTargetDependency */,
			);
			name = "Sample iOS AppTests";
			productName = "Sample iOS AppTests";
			productReference = A48BFE3820C3FD9700557889 /* Sample iOS AppTests.xctest */;
			productType = "com.apple.product-type.bundle.unit-test";
		};
/* End PBXNativeTarget section */

/* Begin PBXProject section */
		A48BFE1C20C3FD9500557889 /* Project object */ = {
			isa = PBXProject;
			attributes = {
				LastSwiftUpdateCheck = 0940;
				LastUpgradeCheck = 0940;
				ORGANIZATIONNAME = "Abdullah Selek";
				TargetAttributes = {
					A48BFE2320C3FD9500557889 = {
						CreatedOnToolsVersion = 9.4;
						SystemCapabilities = {
							com.apple.ApplicationGroups.iOS = {
								enabled = 1;
							};
						};
					};
					A48BFE3720C3FD9700557889 = {
						CreatedOnToolsVersion = 9.4;
						TestTargetID = A48BFE2320C3FD9500557889;
					};
				};
			};
			buildConfigurationList = A48BFE1F20C3FD9500557889 /* Build configuration list for PBXProject "Sample iOS App" */;
			compatibilityVersion = "Xcode 9.3";
			developmentRegion = en;
			hasScannedForEncodings = 0;
			knownRegions = (
				en,
				Base,
			);
			mainGroup = A48BFE1B20C3FD9500557889;
			productRefGroup = A48BFE2520C3FD9500557889 /* Products */;
			projectDirPath = "";
			projectRoot = "";
			targets = (
				A48BFE2320C3FD9500557889 /* Sample iOS App */,
				A48BFE3720C3FD9700557889 /* Sample iOS AppTests */,
			);
		};
/* End PBXProject section */

/* Begin PBXResourcesBuildPhase section */
		A48BFE2220C3FD9500557889 /* Resources */ = {
			isa = PBXResourcesBuildPhase;
			buildActionMask = 2147483647;
			files = (
				A48BFE3220C3FD9700557889 /* LaunchScreen.storyboard in Resources */,
				A48BFE2F20C3FD9700557889 /* Assets.xcassets in Resources */,
				A48BFE2D20C3FD9600557889 /* Main.storyboard in Resources */,
			);
			runOnlyForDeploymentPostprocessing = 0;
		};
		A48BFE3620C3FD9700557889 /* Resources */ = {
			isa = PBXResourcesBuildPhase;
			buildActionMask = 2147483647;
			files = (
			);
			runOnlyForDeploymentPostprocessing = 0;
		};
/* End PBXResourcesBuildPhase section */

/* Begin PBXSourcesBuildPhase section */
		A48BFE2020C3FD9500557889 /* Sources */ = {
			isa = PBXSourcesBuildPhase;
			buildActionMask = 2147483647;
			files = (
				A48BFE2A20C3FD9500557889 /* ViewController.swift in Sources */,
				A48BFE2820C3FD9500557889 /* AppDelegate.swift in Sources */,
			);
			runOnlyForDeploymentPostprocessing = 0;
		};
		A48BFE3420C3FD9700557889 /* Sources */ = {
			isa = PBXSourcesBuildPhase;
			buildActionMask = 2147483647;
			files = (
				A48BFE3D20C3FD9700557889 /* Sample_iOS_AppTests.swift in Sources */,
			);
			runOnlyForDeploymentPostprocessing = 0;
		};
/* End PBXSourcesBuildPhase section */

/* Begin PBXTargetDependency section */
		A48BFE3A20C3FD9700557889 /* PBXTargetDependency */ = {
			isa = PBXTargetDependency;
			target = A48BFE2320C3FD9500557889 /* Sample iOS App */;
			targetProxy = A48BFE3920C3FD9700557889 /* PBXContainerItemProxy */;
		};
/* End PBXTargetDependency section */

/* Begin PBXVariantGroup section */
		A48BFE2B20C3FD9600557889 /* Main.storyboard */ = {
			isa = PBXVariantGroup;
			children = (
				A48BFE2C20C3FD9600557889 /* Base */,
			);
			name = Main.storyboard;
			sourceTree = "<group>";
		};
		A48BFE3020C3FD9700557889 /* LaunchScreen.storyboard */ = {
			isa = PBXVariantGroup;
			children = (
				A48BFE3120C3FD9700557889 /* Base */,
			);
			name = LaunchScreen.storyboard;
			sourceTree = "<group>";
		};
/* End PBXVariantGroup section */

/* Begin XCBuildConfiguration section */
		A48BFE3F20C3FD9700557889 /* Debug */ = {
			isa = XCBuildConfiguration;
			buildSettings = {
				ALWAYS_SEARCH_USER_PATHS = NO;
				CLANG_ANALYZER_NONNULL = YES;
				CLANG_ANALYZER_NUMBER_OBJECT_CONVERSION = YES_AGGRESSIVE;
				CLANG_CXX_LANGUAGE_STANDARD = "gnu++14";
				CLANG_CXX_LIBRARY = "libc++";
				CLANG_ENABLE_MODULES = YES;
				CLANG_ENABLE_OBJC_ARC = YES;
				CLANG_ENABLE_OBJC_WEAK = YES;
				CLANG_WARN_BLOCK_CAPTURE_AUTORELEASING = YES;
				CLANG_WARN_BOOL_CONVERSION = YES;
				CLANG_WARN_COMMA = YES;
				CLANG_WARN_CONSTANT_CONVERSION = YES;
				CLANG_WARN_DEPRECATED_OBJC_IMPLEMENTATIONS = YES;
				CLANG_WARN_DIRECT_OBJC_ISA_USAGE = YES_ERROR;
				CLANG_WARN_DOCUMENTATION_COMMENTS = YES;
				CLANG_WARN_EMPTY_BODY = YES;
				CLANG_WARN_ENUM_CONVERSION = YES;
				CLANG_WARN_INFINITE_RECURSION = YES;
				CLANG_WARN_INT_CONVERSION = YES;
				CLANG_WARN_NON_LITERAL_NULL_CONVERSION = YES;
				CLANG_WARN_OBJC_IMPLICIT_RETAIN_SELF = YES;
				CLANG_WARN_OBJC_LITERAL_CONVERSION = YES;
				CLANG_WARN_OBJC_ROOT_CLASS = YES_ERROR;
				CLANG_WARN_RANGE_LOOP_ANALYSIS = YES;
				CLANG_WARN_STRICT_PROTOTYPES = YES;
				CLANG_WARN_SUSPICIOUS_MOVE = YES;
				CLANG_WARN_UNGUARDED_AVAILABILITY = YES_AGGRESSIVE;
				CLANG_WARN_UNREACHABLE_CODE = YES;
				CLANG_WARN__DUPLICATE_METHOD_MATCH = YES;
				CODE_SIGN_IDENTITY = "iPhone Developer";
				COPY_PHASE_STRIP = NO;
				DEBUG_INFORMATION_FORMAT = dwarf;
				ENABLE_STRICT_OBJC_MSGSEND = YES;
				ENABLE_TESTABILITY = YES;
				GCC_C_LANGUAGE_STANDARD = gnu11;
				GCC_DYNAMIC_NO_PIC = NO;
				GCC_NO_COMMON_BLOCKS = YES;
				GCC_OPTIMIZATION_LEVEL = 0;
				GCC_PREPROCESSOR_DEFINITIONS = (
					"DEBUG=1",
					"$(inherited)",
				);
				GCC_WARN_64_TO_32_BIT_CONVERSION = YES;
				GCC_WARN_ABOUT_RETURN_TYPE = YES_ERROR;
				GCC_WARN_UNDECLARED_SELECTOR = YES;
				GCC_WARN_UNINITIALIZED_AUTOS = YES_AGGRESSIVE;
				GCC_WARN_UNUSED_FUNCTION = YES;
				GCC_WARN_UNUSED_VARIABLE = YES;
				IPHONEOS_DEPLOYMENT_TARGET = 11.4;
				MTL_ENABLE_DEBUG_INFO = YES;
				ONLY_ACTIVE_ARCH = YES;
				SDKROOT = iphoneos;
				SWIFT_ACTIVE_COMPILATION_CONDITIONS = DEBUG;
				SWIFT_OPTIMIZATION_LEVEL = "-Onone";
			};
			name = Debug;
		};
		A48BFE4020C3FD9700557889 /* Release */ = {
			isa = XCBuildConfiguration;
			buildSettings = {
				ALWAYS_SEARCH_USER_PATHS = NO;
				CLANG_ANALYZER_NONNULL = YES;
				CLANG_ANALYZER_NUMBER_OBJECT_CONVERSION = YES_AGGRESSIVE;
				CLANG_CXX_LANGUAGE_STANDARD = "gnu++14";
				CLANG_CXX_LIBRARY = "libc++";
				CLANG_ENABLE_MODULES = YES;
				CLANG_ENABLE_OBJC_ARC = YES;
				CLANG_ENABLE_OBJC_WEAK = YES;
				CLANG_WARN_BLOCK_CAPTURE_AUTORELEASING = YES;
				CLANG_WARN_BOOL_CONVERSION = YES;
				CLANG_WARN_COMMA = YES;
				CLANG_WARN_CONSTANT_CONVERSION = YES;
				CLANG_WARN_DEPRECATED_OBJC_IMPLEMENTATIONS = YES;
				CLANG_WARN_DIRECT_OBJC_ISA_USAGE = YES_ERROR;
				CLANG_WARN_DOCUMENTATION_COMMENTS = YES;
				CLANG_WARN_EMPTY_BODY = YES;
				CLANG_WARN_ENUM_CONVERSION = YES;
				CLANG_WARN_INFINITE_RECURSION = YES;
				CLANG_WARN_INT_CONVERSION = YES;
				CLANG_WARN_NON_LITERAL_NULL_CONVERSION = YES;
				CLANG_WARN_OBJC_IMPLICIT_RETAIN_SELF = YES;
				CLANG_WARN_OBJC_LITERAL_CONVERSION = YES;
				CLANG_WARN_OBJC_ROOT_CLASS = YES_ERROR;
				CLANG_WARN_RANGE_LOOP_ANALYSIS = YES;
				CLANG_WARN_STRICT_PROTOTYPES = YES;
				CLANG_WARN_SUSPICIOUS_MOVE = YES;
				CLANG_WARN_UNGUARDED_AVAILABILITY = YES_AGGRESSIVE;
				CLANG_WARN_UNREACHABLE_CODE = YES;
				CLANG_WARN__DUPLICATE_METHOD_MATCH = YES;
				CODE_SIGN_IDENTITY = "iPhone Developer";
				COPY_PHASE_STRIP = NO;
				DEBUG_INFORMATION_FORMAT = "dwarf-with-dsym";
				ENABLE_NS_ASSERTIONS = NO;
				ENABLE_STRICT_OBJC_MSGSEND = YES;
				GCC_C_LANGUAGE_STANDARD = gnu11;
				GCC_NO_COMMON_BLOCKS = YES;
				GCC_WARN_64_TO_32_BIT_CONVERSION = YES;
				GCC_WARN_ABOUT_RETURN_TYPE = YES_ERROR;
				GCC_WARN_UNDECLARED_SELECTOR = YES;
				GCC_WARN_UNINITIALIZED_AUTOS = YES_AGGRESSIVE;
				GCC_WARN_UNUSED_FUNCTION = YES;
				GCC_WARN_UNUSED_VARIABLE = YES;
				IPHONEOS_DEPLOYMENT_TARGET = 11.4;
				MTL_ENABLE_DEBUG_INFO = NO;
				SDKROOT = iphoneos;
				SWIFT_COMPILATION_MODE = wholemodule;
				SWIFT_OPTIMIZATION_LEVEL = "-O";
				VALIDATE_PRODUCT = YES;
			};
			name = Release;
		};
		A48BFE4220C3FD9700557889 /* Debug */ = {
			isa = XCBuildConfiguration;
			buildSettings = {
				ASSETCATALOG_COMPILER_APPICON_NAME = AppIcon;
				CODE_SIGN_ENTITLEMENTS = "Sample iOS App/Sample iOS App.entitlements";
				CODE_SIGN_STYLE = Automatic;
				DEVELOPMENT_TEAM = 5EHDAGHZ78;
				INFOPLIST_FILE = "Sample iOS App/Info.plist";
				IPHONEOS_DEPLOYMENT_TARGET = 9.0;
				LD_RUNPATH_SEARCH_PATHS = (
					"$(inherited)",
					"@executable_path/Frameworks",
				);
				PRODUCT_BUNDLE_IDENTIFIER = "com.abdullahselek.Sample-iOS-App";
				PRODUCT_NAME = "$(TARGET_NAME)";
				SWIFT_VERSION = 4.0;
				TARGETED_DEVICE_FAMILY = "1,2";
			};
			name = Debug;
		};
		A48BFE4320C3FD9700557889 /* Release */ = {
			isa = XCBuildConfiguration;
			buildSettings = {
				ASSETCATALOG_COMPILER_APPICON_NAME = AppIcon;
				CODE_SIGN_ENTITLEMENTS = "Sample iOS App/Sample iOS App.entitlements";
				CODE_SIGN_STYLE = Automatic;
				DEVELOPMENT_TEAM = 5EHDAGHZ78;
				INFOPLIST_FILE = "Sample iOS App/Info.plist";
				IPHONEOS_DEPLOYMENT_TARGET = 9.0;
				LD_RUNPATH_SEARCH_PATHS = (
					"$(inherited)",
					"@executable_path/Frameworks",
				);
				PRODUCT_BUNDLE_IDENTIFIER = "com.abdullahselek.Sample-iOS-App";
				PRODUCT_NAME = "$(TARGET_NAME)";
				SWIFT_VERSION = 4.0;
				TARGETED_DEVICE_FAMILY = "1,2";
			};
			name = Release;
		};
		A48BFE4520C3FD9700557889 /* Debug */ = {
			isa = XCBuildConfiguration;
			buildSettings = {
				ALWAYS_EMBED_SWIFT_STANDARD_LIBRARIES = YES;
				BUNDLE_LOADER = "$(TEST_HOST)";
				CODE_SIGN_STYLE = Automatic;
				INFOPLIST_FILE = "Sample iOS AppTests/Info.plist";
				LD_RUNPATH_SEARCH_PATHS = (
					"$(inherited)",
					"@executable_path/Frameworks",
					"@loader_path/Frameworks",
				);
				PRODUCT_BUNDLE_IDENTIFIER = "com.abdullahselek.Sample-iOS-AppTests";
				PRODUCT_NAME = "$(TARGET_NAME)";
				SWIFT_VERSION = 4.0;
				TARGETED_DEVICE_FAMILY = "1,2";
				TEST_HOST = "$(BUILT_PRODUCTS_DIR)/Sample iOS App.app/Sample iOS App";
			};
			name = Debug;
		};
		A48BFE4620C3FD9700557889 /* Release */ = {
			isa = XCBuildConfiguration;
			buildSettings = {
				ALWAYS_EMBED_SWIFT_STANDARD_LIBRARIES = YES;
				BUNDLE_LOADER = "$(TEST_HOST)";
				CODE_SIGN_STYLE = Automatic;
				INFOPLIST_FILE = "Sample iOS AppTests/Info.plist";
				LD_RUNPATH_SEARCH_PATHS = (
					"$(inherited)",
					"@executable_path/Frameworks",
					"@loader_path/Frameworks",
				);
				PRODUCT_BUNDLE_IDENTIFIER = "com.abdullahselek.Sample-iOS-AppTests";
				PRODUCT_NAME = "$(TARGET_NAME)";
				SWIFT_VERSION = 4.0;
				TARGETED_DEVICE_FAMILY = "1,2";
				TEST_HOST = "$(BUILT_PRODUCTS_DIR)/Sample iOS App.app/Sample iOS App";
			};
			name = Release;
		};
/* End XCBuildConfiguration section */

/* Begin XCConfigurationList section */
		A48BFE1F20C3FD9500557889 /* Build configuration list for PBXProject "Sample iOS App" */ = {
			isa = XCConfigurationList;
			buildConfigurations = (
				A48BFE3F20C3FD9700557889 /* Debug */,
				A48BFE4020C3FD9700557889 /* Release */,
			);
			defaultConfigurationIsVisible = 0;
			defaultConfigurationName = Release;
		};
		A48BFE4120C3FD9700557889 /* Build configuration list for PBXNativeTarget "Sample iOS App" */ = {
			isa = XCConfigurationList;
			buildConfigurations = (
				A48BFE4220C3FD9700557889 /* Debug */,
				A48BFE4320C3FD9700557889 /* Release */,
			);
			defaultConfigurationIsVisible = 0;
			defaultConfigurationName = Release;
		};
		A48BFE4420C3FD9700557889 /* Build configuration list for PBXNativeTarget "Sample iOS AppTests" */ = {
			isa = XCConfigurationList;
			buildConfigurations = (
				A48BFE4520C3FD9700557889 /* Debug */,
				A48BFE4620C3FD9700557889 /* Release */,
			);
			defaultConfigurationIsVisible = 0;
			defaultConfigurationName = Release;
		};
/* End XCConfigurationList section */
	};
	rootObject = A48BFE1C20C3FD9500557889 /* Project object */;
}
